
Microsoft Visual Studio Solution File, Format Version 12.00
Project("{FAE04EC0-301F-11D3-BF4B-00C04F79EFBC}") = "SecurityLabs", "SecurityLabs.csproj", "{D6F21B4F-DF37-4BA5-AD85-E18D08C16A43}"
EndProject
Global
	GlobalSection(SolutionConfigurationPlatforms) = preSolution
		Debug|Any CPU = Debug|Any CPU
		Release|Any CPU = Release|Any CPU
	EndGlobalSection
	GlobalSection(ProjectConfigurationPlatforms) = postSolution
		{D6F21B4F-DF37-4BA5-AD85-E18D08C16A43}.Debug|Any CPU.ActiveCfg = Debug|Any CPU
		{D6F21B4F-DF37-4BA5-AD85-E18D08C16A43}.Debug|Any CPU.Build.0 = Debug|Any CPU
		{D6F21B4F-DF37-4BA5-AD85-E18D08C16A43}.Release|Any CPU.ActiveCfg = Release|Any CPU
		{D6F21B4F-DF37-4BA5-AD85-E18D08C16A43}.Release|Any CPU.Build.0 = Release|Any CPU
	EndGlobalSection
EndGlobal
